
Microsoft Visual Studio Solution File, Format Version 12.00
# Visual Studio Version 16
VisualStudioVersion = 16.0.30114.105
MinimumVisualStudioVersion = 10.0.40219.1
Project("{9A19103F-16F7-4668-BE54-9A1E7A4F7556}") = "CookAPI", "CookAPI\CookAPI.csproj", "{6D891E2E-DD1F-48B6-8A21-BD64E97CC76C}"
EndProject
Project("{FAE04EC0-301F-11D3-BF4B-00C04F79EFBC}") = "CookModels", "CookModel\CookModels.csproj", "{300162D4-0351-4F32-8DB9-BC7553C4CF4C}"
EndProject
Global
	GlobalSection(SolutionConfigurationPlatforms) = preSolution
		Debug|Any CPU = Debug|Any CPU
		Release|Any CPU = Release|Any CPU
	EndGlobalSection
	GlobalSection(ProjectConfigurationPlatforms) = postSolution
		{6D891E2E-DD1F-48B6-8A21-BD64E97CC76C}.Debug|Any CPU.ActiveCfg = Debug|Any CPU
		{6D891E2E-DD1F-48B6-8A21-BD64E97CC76C}.Debug|Any CPU.Build.0 = Debug|Any CPU
		{6D891E2E-DD1F-48B6-8A21-BD64E97CC76C}.Release|Any CPU.ActiveCfg = Release|Any CPU
		{6D891E2E-DD1F-48B6-8A21-BD64E97CC76C}.Release|Any CPU.Build.0 = Release|Any CPU
		{300162D4-0351-4F32-8DB9-BC7553C4CF4C}.Debug|Any CPU.ActiveCfg = Debug|Any CPU
		{300162D4-0351-4F32-8DB9-BC7553C4CF4C}.Debug|Any CPU.Build.0 = Debug|Any CPU
		{300162D4-0351-4F32-8DB9-BC7553C4CF4C}.Release|Any CPU.ActiveCfg = Release|Any CPU
		{300162D4-0351-4F32-8DB9-BC7553C4CF4C}.Release|Any CPU.Build.0 = Release|Any CPU
	EndGlobalSection
	GlobalSection(SolutionProperties) = preSolution
		HideSolutionNode = FALSE
	EndGlobalSection
	GlobalSection(ExtensibilityGlobals) = postSolution
		SolutionGuid = {A83E8AFC-9537-4AD1-85FB-71D13A4A7042}
	EndGlobalSection
EndGlobal
